
Microsoft Visual Studio Solution File, Format Version 12.00
# Visual Studio Version 17
VisualStudioVersion = 17.7.34031.279
MinimumVisualStudioVersion = 10.0.40219.1
Project("{8BC9CEB8-8B4A-11D0-8D11-00A0C91BC942}") = "412 3", "412 3\412 3.vcxproj", "{130ECB3C-E736-41F8-8C26-292C9C2EE578}"
EndProject
Global
	GlobalSection(SolutionConfigurationPlatforms) = preSolution
		Debug|x64 = Debug|x64
		Debug|x86 = Debug|x86
		Release|x64 = Release|x64
		Release|x86 = Release|x86
	EndGlobalSection
	GlobalSection(ProjectConfigurationPlatforms) = postSolution
		{130ECB3C-E736-41F8-8C26-292C9C2EE578}.Debug|x64.ActiveCfg = Debug|x64
		{130ECB3C-E736-41F8-8C26-292C9C2EE578}.Debug|x64.Build.0 = Debug|x64
		{130ECB3C-E736-41F8-8C26-292C9C2EE578}.Debug|x86.ActiveCfg = Debug|Win32
		{130ECB3C-E736-41F8-8C26-292C9C2EE578}.Debug|x86.Build.0 = Debug|Win32
		{130ECB3C-E736-41F8-8C26-292C9C2EE578}.Release|x64.ActiveCfg = Release|x64
		{130ECB3C-E736-41F8-8C26-292C9C2EE578}.Release|x64.Build.0 = Release|x64
		{130ECB3C-E736-41F8-8C26-292C9C2EE578}.Release|x86.ActiveCfg = Release|Win32
		{130ECB3C-E736-41F8-8C26-292C9C2EE578}.Release|x86.Build.0 = Release|Win32
	EndGlobalSection
	GlobalSection(SolutionProperties) = preSolution
		HideSolutionNode = FALSE
	EndGlobalSection
	GlobalSection(ExtensibilityGlobals) = postSolution
		SolutionGuid = {175F1CC7-E9F2-4426-88A6-ED0EBA5CDA7D}
	EndGlobalSection
EndGlobal
